// !$*UTF8*$!
{
	archiveVersion = 1;
	classes = {
	};
	objectVersion = 46;
	objects = {

/* Begin PBXBuildFile section */
		8407AAAE1D3E3C600038B97B /* libxml2.tbd in Frameworks */ = {isa = PBXBuildFile; fileRef = 8407AAAD1D3E3C600038B97B /* libxml2.tbd */; };
		843EEE2B1D2E4B2200217A30 /* UIViewExtension.swift in Sources */ = {isa = PBXBuildFile; fileRef = 843EEE2A1D2E4B2200217A30 /* UIViewExtension.swift */; };
		844BA70E1D2CDE1200F11E76 /* AppDelegate.swift in Sources */ = {isa = PBXBuildFile; fileRef = 844BA70C1D2CDE1200F11E76 /* AppDelegate.swift */; };
		844BA70F1D2CDE1200F11E76 /* AppRouter.swift in Sources */ = {isa = PBXBuildFile; fileRef = 844BA70D1D2CDE1200F11E76 /* AppRouter.swift */; };
		844BA7131D2CDE2900F11E76 /* PresentControllerBoxAnimation.swift in Sources */ = {isa = PBXBuildFile; fileRef = 844BA7111D2CDE2900F11E76 /* PresentControllerBoxAnimation.swift */; };
		844BA7141D2CDE2900F11E76 /* Test1ControllerAnimation.swift in Sources */ = {isa = PBXBuildFile; fileRef = 844BA7121D2CDE2900F11E76 /* Test1ControllerAnimation.swift */; };
		844BA7171D2CDE4600F11E76 /* CenterController.swift in Sources */ = {isa = PBXBuildFile; fileRef = 844BA7151D2CDE4600F11E76 /* CenterController.swift */; };
		844BA7181D2CDE4600F11E76 /* CenterHandler.swift in Sources */ = {isa = PBXBuildFile; fileRef = 844BA7161D2CDE4600F11E76 /* CenterHandler.swift */; };
		844BA71B1D2CDE6500F11E76 /* TestController.swift in Sources */ = {isa = PBXBuildFile; fileRef = 844BA7191D2CDE6500F11E76 /* TestController.swift */; };
		844BA71C1D2CDE6500F11E76 /* TestHandler.swift in Sources */ = {isa = PBXBuildFile; fileRef = 844BA71A1D2CDE6500F11E76 /* TestHandler.swift */; };
		844BA71F1D2CDE7300F11E76 /* Test1Controller.swift in Sources */ = {isa = PBXBuildFile; fileRef = 844BA71D1D2CDE7300F11E76 /* Test1Controller.swift */; };
		844BA7201D2CDE7300F11E76 /* Test1Handler.swift in Sources */ = {isa = PBXBuildFile; fileRef = 844BA71E1D2CDE7300F11E76 /* Test1Handler.swift */; };
		844BA7231D2CDE7D00F11E76 /* Test2Controller.swift in Sources */ = {isa = PBXBuildFile; fileRef = 844BA7211D2CDE7D00F11E76 /* Test2Controller.swift */; };
		844BA7241D2CDE7D00F11E76 /* Test2Handler.swift in Sources */ = {isa = PBXBuildFile; fileRef = 844BA7221D2CDE7D00F11E76 /* Test2Handler.swift */; };
		844BA7271D2CDE8900F11E76 /* Test3Controller.swift in Sources */ = {isa = PBXBuildFile; fileRef = 844BA7251D2CDE8900F11E76 /* Test3Controller.swift */; };
		844BA7281D2CDE8900F11E76 /* Test3Handler.swift in Sources */ = {isa = PBXBuildFile; fileRef = 844BA7261D2CDE8900F11E76 /* Test3Handler.swift */; };
		844BA72B1D2CDEE400F11E76 /* TestData.swift in Sources */ = {isa = PBXBuildFile; fileRef = 844BA72A1D2CDEE400F11E76 /* TestData.swift */; };
		844BA72D1D2CE12500F11E76 /* SimpleNetwork.swift in Sources */ = {isa = PBXBuildFile; fileRef = 844BA72C1D2CE12500F11E76 /* SimpleNetwork.swift */; };
		844D33161D38BE0600741068 /* SimpleKeyframeAnimation.swift in Sources */ = {isa = PBXBuildFile; fileRef = 844D33151D38BE0600741068 /* SimpleKeyframeAnimation.swift */; };
		8457932C1D17E8AB008C33CD /* SimpleFramework.h in Headers */ = {isa = PBXBuildFile; fileRef = 8457932B1D17E8AB008C33CD /* SimpleFramework.h */; settings = {ATTRIBUTES = (Public, ); }; };
		845793341D17E9DC008C33CD /* SimpleHandler.swift in Sources */ = {isa = PBXBuildFile; fileRef = 845793331D17E9DC008C33CD /* SimpleHandler.swift */; };
		845793361D17EA03008C33CD /* SimpleRouter.swift in Sources */ = {isa = PBXBuildFile; fileRef = 845793351D17EA03008C33CD /* SimpleRouter.swift */; };
		845793381D17EE02008C33CD /* SimpleController.swift in Sources */ = {isa = PBXBuildFile; fileRef = 845793371D17EE02008C33CD /* SimpleController.swift */; };
		845C28B01D2219FF00A61433 /* IAPManager.swift in Sources */ = {isa = PBXBuildFile; fileRef = 845C28AF1D2219FF00A61433 /* IAPManager.swift */; };
		848D86411D3C7492006A6126 /* UIColorExtension.swift in Sources */ = {isa = PBXBuildFile; fileRef = 848D86401D3C7492006A6126 /* UIColorExtension.swift */; };
		84ACB0521D6D78E1005650A4 /* UIDeviceExtension.swift in Sources */ = {isa = PBXBuildFile; fileRef = 84ACB0511D6D78E1005650A4 /* UIDeviceExtension.swift */; };
		84BC66BD1D213315006A0412 /* SimpleControllerAnimatedTransitioning.swift in Sources */ = {isa = PBXBuildFile; fileRef = 84BC66BC1D213315006A0412 /* SimpleControllerAnimatedTransitioning.swift */; };
		84CDB3A41D2B64BE00CA55FF /* NavigationControllerExension.swift in Sources */ = {isa = PBXBuildFile; fileRef = 84CDB3A31D2B64BE00CA55FF /* NavigationControllerExension.swift */; };
		84CDB3A61D2B64E100CA55FF /* TabbarExtension.swift in Sources */ = {isa = PBXBuildFile; fileRef = 84CDB3A51D2B64E100CA55FF /* TabbarExtension.swift */; };
		84E7371E1D1953DD0003A16F /* Main.storyboard in Resources */ = {isa = PBXBuildFile; fileRef = 84E7371C1D1953DD0003A16F /* Main.storyboard */; };
		84E737201D1953DD0003A16F /* Assets.xcassets in Resources */ = {isa = PBXBuildFile; fileRef = 84E7371F1D1953DD0003A16F /* Assets.xcassets */; };
		84E737231D1953DD0003A16F /* LaunchScreen.storyboard in Resources */ = {isa = PBXBuildFile; fileRef = 84E737211D1953DD0003A16F /* LaunchScreen.storyboard */; };
		84E737281D19544F0003A16F /* SimpleFramework.framework in Frameworks */ = {isa = PBXBuildFile; fileRef = 845793281D17E8AB008C33CD /* SimpleFramework.framework */; };
		84E737291D19544F0003A16F /* SimpleFramework.framework in Embed Frameworks */ = {isa = PBXBuildFile; fileRef = 845793281D17E8AB008C33CD /* SimpleFramework.framework */; settings = {ATTRIBUTES = (CodeSignOnCopy, RemoveHeadersOnCopy, ); }; };
		84EF58C51D3C8C7B00340FDE /* StringExtension.swift in Sources */ = {isa = PBXBuildFile; fileRef = 84EF58C41D3C8C7B00340FDE /* StringExtension.swift */; };
		84EF58CC1D3CC8BF00340FDE /* Test4WithNavController.swift in Sources */ = {isa = PBXBuildFile; fileRef = 84EF58CB1D3CC8BF00340FDE /* Test4WithNavController.swift */; };
		84EF58CE1D3CC8EB00340FDE /* Test4WithNavHandler.swift in Sources */ = {isa = PBXBuildFile; fileRef = 84EF58CD1D3CC8EB00340FDE /* Test4WithNavHandler.swift */; };
		84EF58D51D3DD62900340FDE /* AppNetwork.swift in Sources */ = {isa = PBXBuildFile; fileRef = 84EF58D41D3DD62900340FDE /* AppNetwork.swift */; };
		84EF58DA1D3E2BF500340FDE /* LineSidRequest.swift in Sources */ = {isa = PBXBuildFile; fileRef = 84EF58D91D3E2BF500340FDE /* LineSidRequest.swift */; };
/* End PBXBuildFile section */

/* Begin PBXContainerItemProxy section */
		84E7372A1D19544F0003A16F /* PBXContainerItemProxy */ = {
			isa = PBXContainerItemProxy;
			containerPortal = 8457931F1D17E8AB008C33CD /* Project object */;
			proxyType = 1;
			remoteGlobalIDString = 845793271D17E8AB008C33CD;
			remoteInfo = SimpleFramework;
		};
/* End PBXContainerItemProxy section */

/* Begin PBXCopyFilesBuildPhase section */
		84E7372C1D19544F0003A16F /* Embed Frameworks */ = {
			isa = PBXCopyFilesBuildPhase;
			buildActionMask = 2147483647;
			dstPath = "";
			dstSubfolderSpec = 10;
			files = (
				84E737291D19544F0003A16F /* SimpleFramework.framework in Embed Frameworks */,
			);
			name = "Embed Frameworks";
			runOnlyForDeploymentPostprocessing = 0;
		};
/* End PBXCopyFilesBuildPhase section */

/* Begin PBXFileReference section */
		8407AAAD1D3E3C600038B97B /* libxml2.tbd */ = {isa = PBXFileReference; lastKnownFileType = "sourcecode.text-based-dylib-definition"; name = libxml2.tbd; path = usr/lib/libxml2.tbd; sourceTree = SDKROOT; };
		843EEE2A1D2E4B2200217A30 /* UIViewExtension.swift */ = {isa = PBXFileReference; fileEncoding = 4; lastKnownFileType = sourcecode.swift; path = UIViewExtension.swift; sourceTree = "<group>"; };
		844BA70C1D2CDE1200F11E76 /* AppDelegate.swift */ = {isa = PBXFileReference; fileEncoding = 4; lastKnownFileType = sourcecode.swift; path = AppDelegate.swift; sourceTree = "<group>"; };
		844BA70D1D2CDE1200F11E76 /* AppRouter.swift */ = {isa = PBXFileReference; fileEncoding = 4; lastKnownFileType = sourcecode.swift; path = AppRouter.swift; sourceTree = "<group>"; };
		844BA7111D2CDE2900F11E76 /* PresentControllerBoxAnimation.swift */ = {isa = PBXFileReference; fileEncoding = 4; lastKnownFileType = sourcecode.swift; path = PresentControllerBoxAnimation.swift; sourceTree = "<group>"; };
		844BA7121D2CDE2900F11E76 /* Test1ControllerAnimation.swift */ = {isa = PBXFileReference; fileEncoding = 4; lastKnownFileType = sourcecode.swift; path = Test1ControllerAnimation.swift; sourceTree = "<group>"; };
		844BA7151D2CDE4600F11E76 /* CenterController.swift */ = {isa = PBXFileReference; fileEncoding = 4; lastKnownFileType = sourcecode.swift; name = CenterController.swift; path = Controller/CenterController.swift; sourceTree = "<group>"; };
		844BA7161D2CDE4600F11E76 /* CenterHandler.swift */ = {isa = PBXFileReference; fileEncoding = 4; lastKnownFileType = sourcecode.swift; name = CenterHandler.swift; path = Handler/CenterHandler.swift; sourceTree = "<group>"; };
		844BA7191D2CDE6500F11E76 /* TestController.swift */ = {isa = PBXFileReference; fileEncoding = 4; lastKnownFileType = sourcecode.swift; name = TestController.swift; path = Controller/TestController.swift; sourceTree = "<group>"; };
		844BA71A1D2CDE6500F11E76 /* TestHandler.swift */ = {isa = PBXFileReference; fileEncoding = 4; lastKnownFileType = sourcecode.swift; name = TestHandler.swift; path = Handler/TestHandler.swift; sourceTree = "<group>"; };
		844BA71D1D2CDE7300F11E76 /* Test1Controller.swift */ = {isa = PBXFileReference; fileEncoding = 4; lastKnownFileType = sourcecode.swift; name = Test1Controller.swift; path = Controller/Test1Controller.swift; sourceTree = "<group>"; };
		844BA71E1D2CDE7300F11E76 /* Test1Handler.swift */ = {isa = PBXFileReference; fileEncoding = 4; lastKnownFileType = sourcecode.swift; name = Test1Handler.swift; path = Handler/Test1Handler.swift; sourceTree = "<group>"; };
		844BA7211D2CDE7D00F11E76 /* Test2Controller.swift */ = {isa = PBXFileReference; fileEncoding = 4; lastKnownFileType = sourcecode.swift; name = Test2Controller.swift; path = Controller/Test2Controller.swift; sourceTree = "<group>"; };
		844BA7221D2CDE7D00F11E76 /* Test2Handler.swift */ = {isa = PBXFileReference; fileEncoding = 4; lastKnownFileType = sourcecode.swift; name = Test2Handler.swift; path = Handler/Test2Handler.swift; sourceTree = "<group>"; };
		844BA7251D2CDE8900F11E76 /* Test3Controller.swift */ = {isa = PBXFileReference; fileEncoding = 4; lastKnownFileType = sourcecode.swift; name = Test3Controller.swift; path = Controller/Test3Controller.swift; sourceTree = "<group>"; };
		844BA7261D2CDE8900F11E76 /* Test3Handler.swift */ = {isa = PBXFileReference; fileEncoding = 4; lastKnownFileType = sourcecode.swift; name = Test3Handler.swift; path = Handler/Test3Handler.swift; sourceTree = "<group>"; };
		844BA72A1D2CDEE400F11E76 /* TestData.swift */ = {isa = PBXFileReference; fileEncoding = 4; lastKnownFileType = sourcecode.swift; path = TestData.swift; sourceTree = "<group>"; };
		844BA72C1D2CE12500F11E76 /* SimpleNetwork.swift */ = {isa = PBXFileReference; fileEncoding = 4; lastKnownFileType = sourcecode.swift; path = SimpleNetwork.swift; sourceTree = "<group>"; };
		844D33151D38BE0600741068 /* SimpleKeyframeAnimation.swift */ = {isa = PBXFileReference; fileEncoding = 4; lastKnownFileType = sourcecode.swift; path = SimpleKeyframeAnimation.swift; sourceTree = "<group>"; };
		845793281D17E8AB008C33CD /* SimpleFramework.framework */ = {isa = PBXFileReference; explicitFileType = wrapper.framework; includeInIndex = 0; path = SimpleFramework.framework; sourceTree = BUILT_PRODUCTS_DIR; };
		8457932B1D17E8AB008C33CD /* SimpleFramework.h */ = {isa = PBXFileReference; lastKnownFileType = sourcecode.c.h; path = SimpleFramework.h; sourceTree = "<group>"; };
		8457932D1D17E8AB008C33CD /* Info.plist */ = {isa = PBXFileReference; lastKnownFileType = text.plist.xml; path = Info.plist; sourceTree = "<group>"; };
		845793331D17E9DC008C33CD /* SimpleHandler.swift */ = {isa = PBXFileReference; fileEncoding = 4; lastKnownFileType = sourcecode.swift; path = SimpleHandler.swift; sourceTree = "<group>"; };
		845793351D17EA03008C33CD /* SimpleRouter.swift */ = {isa = PBXFileReference; fileEncoding = 4; lastKnownFileType = sourcecode.swift; path = SimpleRouter.swift; sourceTree = "<group>"; };
		845793371D17EE02008C33CD /* SimpleController.swift */ = {isa = PBXFileReference; fileEncoding = 4; lastKnownFileType = sourcecode.swift; path = SimpleController.swift; sourceTree = "<group>"; };
		845C28AF1D2219FF00A61433 /* IAPManager.swift */ = {isa = PBXFileReference; fileEncoding = 4; lastKnownFileType = sourcecode.swift; path = IAPManager.swift; sourceTree = "<group>"; };
		848D86401D3C7492006A6126 /* UIColorExtension.swift */ = {isa = PBXFileReference; fileEncoding = 4; lastKnownFileType = sourcecode.swift; path = UIColorExtension.swift; sourceTree = "<group>"; };
		84A9F88C1D3E4EF900BA417F /* SimpleFrameworkDemo-Bridging-Header.h */ = {isa = PBXFileReference; lastKnownFileType = sourcecode.c.h; path = "SimpleFrameworkDemo-Bridging-Header.h"; sourceTree = "<group>"; };
		84ACB0511D6D78E1005650A4 /* UIDeviceExtension.swift */ = {isa = PBXFileReference; fileEncoding = 4; lastKnownFileType = sourcecode.swift; path = UIDeviceExtension.swift; sourceTree = "<group>"; };
		84BC66BC1D213315006A0412 /* SimpleControllerAnimatedTransitioning.swift */ = {isa = PBXFileReference; fileEncoding = 4; lastKnownFileType = sourcecode.swift; path = SimpleControllerAnimatedTransitioning.swift; sourceTree = "<group>"; };
		84CDB3A31D2B64BE00CA55FF /* NavigationControllerExension.swift */ = {isa = PBXFileReference; fileEncoding = 4; lastKnownFileType = sourcecode.swift; path = NavigationControllerExension.swift; sourceTree = "<group>"; };
		84CDB3A51D2B64E100CA55FF /* TabbarExtension.swift */ = {isa = PBXFileReference; fileEncoding = 4; lastKnownFileType = sourcecode.swift; path = TabbarExtension.swift; sourceTree = "<group>"; };
		84E737161D1953DD0003A16F /* SimpleFrameworkDemo.app */ = {isa = PBXFileReference; explicitFileType = wrapper.application; includeInIndex = 0; path = SimpleFrameworkDemo.app; sourceTree = BUILT_PRODUCTS_DIR; };
		84E7371D1D1953DD0003A16F /* Base */ = {isa = PBXFileReference; lastKnownFileType = file.storyboard; name = Base; path = Base.lproj/Main.storyboard; sourceTree = "<group>"; };
		84E7371F1D1953DD0003A16F /* Assets.xcassets */ = {isa = PBXFileReference; lastKnownFileType = folder.assetcatalog; path = Assets.xcassets; sourceTree = "<group>"; };
		84E737221D1953DD0003A16F /* Base */ = {isa = PBXFileReference; lastKnownFileType = file.storyboard; name = Base; path = Base.lproj/LaunchScreen.storyboard; sourceTree = "<group>"; };
		84E737241D1953DD0003A16F /* Info.plist */ = {isa = PBXFileReference; lastKnownFileType = text.plist.xml; path = Info.plist; sourceTree = "<group>"; };
		84EF58C41D3C8C7B00340FDE /* StringExtension.swift */ = {isa = PBXFileReference; fileEncoding = 4; lastKnownFileType = sourcecode.swift; path = StringExtension.swift; sourceTree = "<group>"; };
		84EF58CB1D3CC8BF00340FDE /* Test4WithNavController.swift */ = {isa = PBXFileReference; fileEncoding = 4; lastKnownFileType = sourcecode.swift; name = Test4WithNavController.swift; path = Controller/Test4WithNavController.swift; sourceTree = "<group>"; };
		84EF58CD1D3CC8EB00340FDE /* Test4WithNavHandler.swift */ = {isa = PBXFileReference; fileEncoding = 4; lastKnownFileType = sourcecode.swift; name = Test4WithNavHandler.swift; path = Handler/Test4WithNavHandler.swift; sourceTree = "<group>"; };
		84EF58D41D3DD62900340FDE /* AppNetwork.swift */ = {isa = PBXFileReference; fileEncoding = 4; lastKnownFileType = sourcecode.swift; path = AppNetwork.swift; sourceTree = "<group>"; };
		84EF58D91D3E2BF500340FDE /* LineSidRequest.swift */ = {isa = PBXFileReference; fileEncoding = 4; lastKnownFileType = sourcecode.swift; path = LineSidRequest.swift; sourceTree = "<group>"; };
/* End PBXFileReference section */

/* Begin PBXFrameworksBuildPhase section */
		845793241D17E8AB008C33CD /* Frameworks */ = {
			isa = PBXFrameworksBuildPhase;
			buildActionMask = 2147483647;
			files = (
			);
			runOnlyForDeploymentPostprocessing = 0;
		};
		84E737131D1953DD0003A16F /* Frameworks */ = {
			isa = PBXFrameworksBuildPhase;
			buildActionMask = 2147483647;
			files = (
				8407AAAE1D3E3C600038B97B /* libxml2.tbd in Frameworks */,
				84E737281D19544F0003A16F /* SimpleFramework.framework in Frameworks */,
			);
			runOnlyForDeploymentPostprocessing = 0;
		};
/* End PBXFrameworksBuildPhase section */

/* Begin PBXGroup section */
		8407AAAC1D3E3C600038B97B /* Frameworks */ = {
			isa = PBXGroup;
			children = (
				8407AAAD1D3E3C600038B97B /* libxml2.tbd */,
			);
			name = Frameworks;
			sourceTree = "<group>";
		};
		8411E2821D1BEC88008C8FB0 /* Test2 */ = {
			isa = PBXGroup;
			children = (
				844BA7211D2CDE7D00F11E76 /* Test2Controller.swift */,
				844BA7221D2CDE7D00F11E76 /* Test2Handler.swift */,
			);
			name = Test2;
			sourceTree = "<group>";
		};
		8411E2871D1BECCB008C8FB0 /* Test3 */ = {
			isa = PBXGroup;
			children = (
				84EF58C91D3CC86700340FDE /* Test4WithNavController */,
				844BA7251D2CDE8900F11E76 /* Test3Controller.swift */,
				844BA7261D2CDE8900F11E76 /* Test3Handler.swift */,
			);
			name = Test3;
			sourceTree = "<group>";
		};
		844BA70B1D2CDE1200F11E76 /* AppBase */ = {
			isa = PBXGroup;
			children = (
				844BA70C1D2CDE1200F11E76 /* AppDelegate.swift */,
				844BA70D1D2CDE1200F11E76 /* AppRouter.swift */,
				84EF58D41D3DD62900340FDE /* AppNetwork.swift */,
			);
			path = AppBase;
			sourceTree = "<group>";
		};
		844BA7101D2CDE2900F11E76 /* Animation */ = {
			isa = PBXGroup;
			children = (
				844BA7111D2CDE2900F11E76 /* PresentControllerBoxAnimation.swift */,
				844BA7121D2CDE2900F11E76 /* Test1ControllerAnimation.swift */,
			);
			path = Animation;
			sourceTree = "<group>";
		};
		844BA7291D2CDEAB00F11E76 /* Model */ = {
			isa = PBXGroup;
			children = (
				844BA72A1D2CDEE400F11E76 /* TestData.swift */,
			);
			path = Model;
			sourceTree = "<group>";
		};
		8457931E1D17E8AB008C33CD = {
			isa = PBXGroup;
			children = (
				8457932A1D17E8AB008C33CD /* SimpleFramework */,
				84E737171D1953DD0003A16F /* SimpleFrameworkDemo */,
				845793291D17E8AB008C33CD /* Products */,
				8407AAAC1D3E3C600038B97B /* Frameworks */,
			);
			sourceTree = "<group>";
		};
		845793291D17E8AB008C33CD /* Products */ = {
			isa = PBXGroup;
			children = (
				845793281D17E8AB008C33CD /* SimpleFramework.framework */,
				84E737161D1953DD0003A16F /* SimpleFrameworkDemo.app */,
			);
			name = Products;
			sourceTree = "<group>";
		};
		8457932A1D17E8AB008C33CD /* SimpleFramework */ = {
			isa = PBXGroup;
			children = (
				8457932B1D17E8AB008C33CD /* SimpleFramework.h */,
				845793351D17EA03008C33CD /* SimpleRouter.swift */,
				845793331D17E9DC008C33CD /* SimpleHandler.swift */,
				845793371D17EE02008C33CD /* SimpleController.swift */,
				844BA72C1D2CE12500F11E76 /* SimpleNetwork.swift */,
				84CDB3A21D2B64BE00CA55FF /* Extensions */,
				84BC66BB1D213315006A0412 /* Animation */,
				845C28AE1D2219FF00A61433 /* Tools */,
				84EF58D61D3DE26F00340FDE /* Include */,
				8457932D1D17E8AB008C33CD /* Info.plist */,
			);
			path = SimpleFramework;
			sourceTree = "<group>";
		};
		845C28AE1D2219FF00A61433 /* Tools */ = {
			isa = PBXGroup;
			children = (
				845C28AF1D2219FF00A61433 /* IAPManager.swift */,
			);
			path = Tools;
			sourceTree = "<group>";
		};
		84BC66BB1D213315006A0412 /* Animation */ = {
			isa = PBXGroup;
			children = (
				84BC66BC1D213315006A0412 /* SimpleControllerAnimatedTransitioning.swift */,
				844D33151D38BE0600741068 /* SimpleKeyframeAnimation.swift */,
			);
			path = Animation;
			sourceTree = "<group>";
		};
		84CDB3A21D2B64BE00CA55FF /* Extensions */ = {
			isa = PBXGroup;
			children = (
				84CDB3A31D2B64BE00CA55FF /* NavigationControllerExension.swift */,
				84CDB3A51D2B64E100CA55FF /* TabbarExtension.swift */,
				843EEE2A1D2E4B2200217A30 /* UIViewExtension.swift */,
				848D86401D3C7492006A6126 /* UIColorExtension.swift */,
				84EF58C41D3C8C7B00340FDE /* StringExtension.swift */,
				84ACB0511D6D78E1005650A4 /* UIDeviceExtension.swift */,
			);
			path = Extensions;
			sourceTree = "<group>";
		};
		84CDB3A71D2B662700CA55FF /* TabbarCenter */ = {
			isa = PBXGroup;
			children = (
				844BA7151D2CDE4600F11E76 /* CenterController.swift */,
				844BA7161D2CDE4600F11E76 /* CenterHandler.swift */,
			);
			name = TabbarCenter;
			sourceTree = "<group>";
		};
		84E737171D1953DD0003A16F /* SimpleFrameworkDemo */ = {
			isa = PBXGroup;
			children = (
				84EF58D31D3DD26600340FDE /* Network */,
				844BA7291D2CDEAB00F11E76 /* Model */,
				844BA70B1D2CDE1200F11E76 /* AppBase */,
				84E737371D1954B50003A16F /* Module */,
				844BA7101D2CDE2900F11E76 /* Animation */,
				84EF58DD1D3E33D800340FDE /* Include */,
				84E737391D1956B90003A16F /* res */,
				84A9F88C1D3E4EF900BA417F /* SimpleFrameworkDemo-Bridging-Header.h */,
			);
			path = SimpleFrameworkDemo;
			sourceTree = "<group>";
		};
		84E737371D1954B50003A16F /* Module */ = {
			isa = PBXGroup;
			children = (
				84CDB3A71D2B662700CA55FF /* TabbarCenter */,
				84E7373A1D1956FE0003A16F /* Test */,
				84E7373B1D19570E0003A16F /* Test1 */,
				8411E2821D1BEC88008C8FB0 /* Test2 */,
				8411E2871D1BECCB008C8FB0 /* Test3 */,
			);
			name = Module;
			sourceTree = "<group>";
		};
		84E737391D1956B90003A16F /* res */ = {
			isa = PBXGroup;
			children = (
				84E7371C1D1953DD0003A16F /* Main.storyboard */,
				84E737211D1953DD0003A16F /* LaunchScreen.storyboard */,
				84E7371F1D1953DD0003A16F /* Assets.xcassets */,
				84E737241D1953DD0003A16F /* Info.plist */,
			);
			name = res;
			sourceTree = "<group>";
		};
		84E7373A1D1956FE0003A16F /* Test */ = {
			isa = PBXGroup;
			children = (
				844BA7191D2CDE6500F11E76 /* TestController.swift */,
				844BA71A1D2CDE6500F11E76 /* TestHandler.swift */,
			);
			name = Test;
			sourceTree = "<group>";
		};
		84E7373B1D19570E0003A16F /* Test1 */ = {
			isa = PBXGroup;
			children = (
				844BA71D1D2CDE7300F11E76 /* Test1Controller.swift */,
				844BA71E1D2CDE7300F11E76 /* Test1Handler.swift */,
			);
			name = Test1;
			sourceTree = "<group>";
		};
		84EF58C91D3CC86700340FDE /* Test4WithNavController */ = {
			isa = PBXGroup;
			children = (
				84EF58CB1D3CC8BF00340FDE /* Test4WithNavController.swift */,
				84EF58CD1D3CC8EB00340FDE /* Test4WithNavHandler.swift */,
			);
			name = Test4WithNavController;
			sourceTree = "<group>";
		};
		84EF58D31D3DD26600340FDE /* Network */ = {
			isa = PBXGroup;
			children = (
				84EF58D91D3E2BF500340FDE /* LineSidRequest.swift */,
			);
			path = Network;
			sourceTree = "<group>";
		};
		84EF58D61D3DE26F00340FDE /* Include */ = {
			isa = PBXGroup;
			children = (
			);
			path = Include;
			sourceTree = "<group>";
		};
		84EF58DD1D3E33D800340FDE /* Include */ = {
			isa = PBXGroup;
			children = (
			);
			path = Include;
			sourceTree = "<group>";
		};
/* End PBXGroup section */

/* Begin PBXHeadersBuildPhase section */
		845793251D17E8AB008C33CD /* Headers */ = {
			isa = PBXHeadersBuildPhase;
			buildActionMask = 2147483647;
			files = (
				8457932C1D17E8AB008C33CD /* SimpleFramework.h in Headers */,
			);
			runOnlyForDeploymentPostprocessing = 0;
		};
/* End PBXHeadersBuildPhase section */

/* Begin PBXNativeTarget section */
		845793271D17E8AB008C33CD /* SimpleFramework */ = {
			isa = PBXNativeTarget;
			buildConfigurationList = 845793301D17E8AB008C33CD /* Build configuration list for PBXNativeTarget "SimpleFramework" */;
			buildPhases = (
				845793231D17E8AB008C33CD /* Sources */,
				845793241D17E8AB008C33CD /* Frameworks */,
				845793251D17E8AB008C33CD /* Headers */,
				845793261D17E8AB008C33CD /* Resources */,
			);
			buildRules = (
			);
			dependencies = (
			);
			name = SimpleFramework;
			productName = SimpleFramework;
			productReference = 845793281D17E8AB008C33CD /* SimpleFramework.framework */;
			productType = "com.apple.product-type.framework";
		};
		84E737151D1953DD0003A16F /* SimpleFrameworkDemo */ = {
			isa = PBXNativeTarget;
			buildConfigurationList = 84E737251D1953DD0003A16F /* Build configuration list for PBXNativeTarget "SimpleFrameworkDemo" */;
			buildPhases = (
				84E737121D1953DD0003A16F /* Sources */,
				84E737131D1953DD0003A16F /* Frameworks */,
				84E737141D1953DD0003A16F /* Resources */,
				84E7372C1D19544F0003A16F /* Embed Frameworks */,
			);
			buildRules = (
			);
			dependencies = (
				84E7372B1D19544F0003A16F /* PBXTargetDependency */,
			);
			name = SimpleFrameworkDemo;
			productName = SimpleFrameworkDemo;
			productReference = 84E737161D1953DD0003A16F /* SimpleFrameworkDemo.app */;
			productType = "com.apple.product-type.application";
		};
/* End PBXNativeTarget section */

/* Begin PBXProject section */
		8457931F1D17E8AB008C33CD /* Project object */ = {
			isa = PBXProject;
			attributes = {
				LastSwiftUpdateCheck = 0800;
				LastUpgradeCheck = 0800;
				ORGANIZATIONNAME = egg;
				TargetAttributes = {
					845793271D17E8AB008C33CD = {
						CreatedOnToolsVersion = 8.0;
						DevelopmentTeam = 9M6475P28E;
						DevelopmentTeamName = "MIN JIE ZHANG";
						LastSwiftMigration = 0800;
						ProvisioningStyle = Automatic;
					};
					84E737151D1953DD0003A16F = {
						CreatedOnToolsVersion = 8.0;
						DevelopmentTeam = 9M6475P28E;
						DevelopmentTeamName = "MIN JIE ZHANG";
						LastSwiftMigration = 0800;
						ProvisioningStyle = Automatic;
					};
				};
			};
			buildConfigurationList = 845793221D17E8AB008C33CD /* Build configuration list for PBXProject "SimpleFramework" */;
			compatibilityVersion = "Xcode 3.2";
			developmentRegion = English;
			hasScannedForEncodings = 0;
			knownRegions = (
				en,
				Base,
			);
			mainGroup = 8457931E1D17E8AB008C33CD;
			productRefGroup = 845793291D17E8AB008C33CD /* Products */;
			projectDirPath = "";
			projectRoot = "";
			targets = (
				845793271D17E8AB008C33CD /* SimpleFramework */,
				84E737151D1953DD0003A16F /* SimpleFrameworkDemo */,
			);
		};
/* End PBXProject section */

/* Begin PBXResourcesBuildPhase section */
		845793261D17E8AB008C33CD /* Resources */ = {
			isa = PBXResourcesBuildPhase;
			buildActionMask = 2147483647;
			files = (
			);
			runOnlyForDeploymentPostprocessing = 0;
		};
		84E737141D1953DD0003A16F /* Resources */ = {
			isa = PBXResourcesBuildPhase;
			buildActionMask = 2147483647;
			files = (
				84E737231D1953DD0003A16F /* LaunchScreen.storyboard in Resources */,
				84E737201D1953DD0003A16F /* Assets.xcassets in Resources */,
				84E7371E1D1953DD0003A16F /* Main.storyboard in Resources */,
			);
			runOnlyForDeploymentPostprocessing = 0;
		};
/* End PBXResourcesBuildPhase section */

/* Begin PBXSourcesBuildPhase section */
		845793231D17E8AB008C33CD /* Sources */ = {
			isa = PBXSourcesBuildPhase;
			buildActionMask = 2147483647;
			files = (
				84ACB0521D6D78E1005650A4 /* UIDeviceExtension.swift in Sources */,
				844D33161D38BE0600741068 /* SimpleKeyframeAnimation.swift in Sources */,
				84CDB3A41D2B64BE00CA55FF /* NavigationControllerExension.swift in Sources */,
				84CDB3A61D2B64E100CA55FF /* TabbarExtension.swift in Sources */,
				844BA72D1D2CE12500F11E76 /* SimpleNetwork.swift in Sources */,
				845C28B01D2219FF00A61433 /* IAPManager.swift in Sources */,
				84BC66BD1D213315006A0412 /* SimpleControllerAnimatedTransitioning.swift in Sources */,
				845793341D17E9DC008C33CD /* SimpleHandler.swift in Sources */,
				843EEE2B1D2E4B2200217A30 /* UIViewExtension.swift in Sources */,
				84EF58C51D3C8C7B00340FDE /* StringExtension.swift in Sources */,
				848D86411D3C7492006A6126 /* UIColorExtension.swift in Sources */,
				845793381D17EE02008C33CD /* SimpleController.swift in Sources */,
				845793361D17EA03008C33CD /* SimpleRouter.swift in Sources */,
			);
			runOnlyForDeploymentPostprocessing = 0;
		};
		84E737121D1953DD0003A16F /* Sources */ = {
			isa = PBXSourcesBuildPhase;
			buildActionMask = 2147483647;
			files = (
				84EF58CC1D3CC8BF00340FDE /* Test4WithNavController.swift in Sources */,
				844BA7141D2CDE2900F11E76 /* Test1ControllerAnimation.swift in Sources */,
				84EF58DA1D3E2BF500340FDE /* LineSidRequest.swift in Sources */,
				84EF58D51D3DD62900340FDE /* AppNetwork.swift in Sources */,
				844BA7241D2CDE7D00F11E76 /* Test2Handler.swift in Sources */,
				844BA70F1D2CDE1200F11E76 /* AppRouter.swift in Sources */,
				844BA72B1D2CDEE400F11E76 /* TestData.swift in Sources */,
				844BA7231D2CDE7D00F11E76 /* Test2Controller.swift in Sources */,
				844BA71C1D2CDE6500F11E76 /* TestHandler.swift in Sources */,
				844BA70E1D2CDE1200F11E76 /* AppDelegate.swift in Sources */,
				84EF58CE1D3CC8EB00340FDE /* Test4WithNavHandler.swift in Sources */,
				844BA7281D2CDE8900F11E76 /* Test3Handler.swift in Sources */,
				844BA7201D2CDE7300F11E76 /* Test1Handler.swift in Sources */,
				844BA7271D2CDE8900F11E76 /* Test3Controller.swift in Sources */,
				844BA7131D2CDE2900F11E76 /* PresentControllerBoxAnimation.swift in Sources */,
				844BA71F1D2CDE7300F11E76 /* Test1Controller.swift in Sources */,
				844BA7171D2CDE4600F11E76 /* CenterController.swift in Sources */,
				844BA7181D2CDE4600F11E76 /* CenterHandler.swift in Sources */,
				844BA71B1D2CDE6500F11E76 /* TestController.swift in Sources */,
			);
			runOnlyForDeploymentPostprocessing = 0;
		};
/* End PBXSourcesBuildPhase section */

/* Begin PBXTargetDependency section */
		84E7372B1D19544F0003A16F /* PBXTargetDependency */ = {
			isa = PBXTargetDependency;
			target = 845793271D17E8AB008C33CD /* SimpleFramework */;
			targetProxy = 84E7372A1D19544F0003A16F /* PBXContainerItemProxy */;
		};
/* End PBXTargetDependency section */

/* Begin PBXVariantGroup section */
		84E7371C1D1953DD0003A16F /* Main.storyboard */ = {
			isa = PBXVariantGroup;
			children = (
				84E7371D1D1953DD0003A16F /* Base */,
			);
			name = Main.storyboard;
			sourceTree = "<group>";
		};
		84E737211D1953DD0003A16F /* LaunchScreen.storyboard */ = {
			isa = PBXVariantGroup;
			children = (
				84E737221D1953DD0003A16F /* Base */,
			);
			name = LaunchScreen.storyboard;
			sourceTree = "<group>";
		};
/* End PBXVariantGroup section */

/* Begin XCBuildConfiguration section */
		8457932E1D17E8AB008C33CD /* Debug */ = {
			isa = XCBuildConfiguration;
			buildSettings = {
				ALWAYS_SEARCH_USER_PATHS = NO;
				CLANG_ANALYZER_NONNULL = YES;
				CLANG_CXX_LANGUAGE_STANDARD = "gnu++0x";
				CLANG_CXX_LIBRARY = "libc++";
				CLANG_ENABLE_MODULES = YES;
				CLANG_ENABLE_OBJC_ARC = YES;
				CLANG_WARN_BOOL_CONVERSION = YES;
				CLANG_WARN_CONSTANT_CONVERSION = YES;
				CLANG_WARN_DIRECT_OBJC_ISA_USAGE = YES_ERROR;
				CLANG_WARN_DOCUMENTATION_COMMENTS = YES;
				CLANG_WARN_EMPTY_BODY = YES;
				CLANG_WARN_ENUM_CONVERSION = YES;
				CLANG_WARN_INT_CONVERSION = YES;
				CLANG_WARN_OBJC_ROOT_CLASS = YES_ERROR;
				CLANG_WARN_UNREACHABLE_CODE = YES;
				CLANG_WARN__DUPLICATE_METHOD_MATCH = YES;
				"CODE_SIGN_IDENTITY[sdk=iphoneos*]" = "iPhone Developer";
				COPY_PHASE_STRIP = NO;
				CURRENT_PROJECT_VERSION = 1;
				DEBUG_INFORMATION_FORMAT = dwarf;
				ENABLE_STRICT_OBJC_MSGSEND = YES;
				ENABLE_TESTABILITY = YES;
				GCC_C_LANGUAGE_STANDARD = gnu99;
				GCC_DYNAMIC_NO_PIC = NO;
				GCC_NO_COMMON_BLOCKS = YES;
				GCC_OPTIMIZATION_LEVEL = 0;
				GCC_PREPROCESSOR_DEFINITIONS = (
					"DEBUG=1",
					"$(inherited)",
				);
				GCC_WARN_64_TO_32_BIT_CONVERSION = YES;
				GCC_WARN_ABOUT_RETURN_TYPE = YES_ERROR;
				GCC_WARN_UNDECLARED_SELECTOR = YES;
				GCC_WARN_UNINITIALIZED_AUTOS = YES_AGGRESSIVE;
				GCC_WARN_UNUSED_FUNCTION = YES;
				GCC_WARN_UNUSED_VARIABLE = YES;
				IPHONEOS_DEPLOYMENT_TARGET = 10.0;
				MTL_ENABLE_DEBUG_INFO = YES;
				ONLY_ACTIVE_ARCH = YES;
				SDKROOT = iphoneos;
				SWIFT_ACTIVE_COMPILATION_CONDITIONS = DEBUG;
				SWIFT_OPTIMIZATION_LEVEL = "-Onone";
				TARGETED_DEVICE_FAMILY = "1,2";
				VERSIONING_SYSTEM = "apple-generic";
				VERSION_INFO_PREFIX = "";
			};
			name = Debug;
		};
		8457932F1D17E8AB008C33CD /* Release */ = {
			isa = XCBuildConfiguration;
			buildSettings = {
				ALWAYS_SEARCH_USER_PATHS = NO;
				CLANG_ANALYZER_NONNULL = YES;
				CLANG_CXX_LANGUAGE_STANDARD = "gnu++0x";
				CLANG_CXX_LIBRARY = "libc++";
				CLANG_ENABLE_MODULES = YES;
				CLANG_ENABLE_OBJC_ARC = YES;
				CLANG_WARN_BOOL_CONVERSION = YES;
				CLANG_WARN_CONSTANT_CONVERSION = YES;
				CLANG_WARN_DIRECT_OBJC_ISA_USAGE = YES_ERROR;
				CLANG_WARN_DOCUMENTATION_COMMENTS = YES;
				CLANG_WARN_EMPTY_BODY = YES;
				CLANG_WARN_ENUM_CONVERSION = YES;
				CLANG_WARN_INT_CONVERSION = YES;
				CLANG_WARN_OBJC_ROOT_CLASS = YES_ERROR;
				CLANG_WARN_UNREACHABLE_CODE = YES;
				CLANG_WARN__DUPLICATE_METHOD_MATCH = YES;
				"CODE_SIGN_IDENTITY[sdk=iphoneos*]" = "iPhone Developer";
				COPY_PHASE_STRIP = NO;
				CURRENT_PROJECT_VERSION = 1;
				DEBUG_INFORMATION_FORMAT = "dwarf-with-dsym";
				ENABLE_NS_ASSERTIONS = NO;
				ENABLE_STRICT_OBJC_MSGSEND = YES;
				GCC_C_LANGUAGE_STANDARD = gnu99;
				GCC_NO_COMMON_BLOCKS = YES;
				GCC_WARN_64_TO_32_BIT_CONVERSION = YES;
				GCC_WARN_ABOUT_RETURN_TYPE = YES_ERROR;
				GCC_WARN_UNDECLARED_SELECTOR = YES;
				GCC_WARN_UNINITIALIZED_AUTOS = YES_AGGRESSIVE;
				GCC_WARN_UNUSED_FUNCTION = YES;
				GCC_WARN_UNUSED_VARIABLE = YES;
				IPHONEOS_DEPLOYMENT_TARGET = 10.0;
				MTL_ENABLE_DEBUG_INFO = NO;
				SDKROOT = iphoneos;
				SWIFT_OPTIMIZATION_LEVEL = "-Owholemodule";
				TARGETED_DEVICE_FAMILY = "1,2";
				VALIDATE_PRODUCT = YES;
				VERSIONING_SYSTEM = "apple-generic";
				VERSION_INFO_PREFIX = "";
			};
			name = Release;
		};
		845793311D17E8AB008C33CD /* Debug */ = {
			isa = XCBuildConfiguration;
			buildSettings = {
				CLANG_ENABLE_MODULES = YES;
				DEFINES_MODULE = YES;
				DYLIB_COMPATIBILITY_VERSION = 1;
				DYLIB_CURRENT_VERSION = 1;
				DYLIB_INSTALL_NAME_BASE = "@rpath";
				INFOPLIST_FILE = SimpleFramework/Info.plist;
				INSTALL_PATH = "$(LOCAL_LIBRARY_DIR)/Frameworks";
				IPHONEOS_DEPLOYMENT_TARGET = 8.0;
				LD_RUNPATH_SEARCH_PATHS = "$(inherited) @executable_path/Frameworks @loader_path/Frameworks";
				PRODUCT_BUNDLE_IDENTIFIER = app.SimpleFramework;
				PRODUCT_NAME = "$(TARGET_NAME)";
				SKIP_INSTALL = YES;
				SWIFT_OPTIMIZATION_LEVEL = "-Onone";
				SWIFT_VERSION = 3.0;
			};
			name = Debug;
		};
		845793321D17E8AB008C33CD /* Release */ = {
			isa = XCBuildConfiguration;
			buildSettings = {
				CLANG_ENABLE_MODULES = YES;
				DEFINES_MODULE = YES;
				DYLIB_COMPATIBILITY_VERSION = 1;
				DYLIB_CURRENT_VERSION = 1;
				DYLIB_INSTALL_NAME_BASE = "@rpath";
				INFOPLIST_FILE = SimpleFramework/Info.plist;
				INSTALL_PATH = "$(LOCAL_LIBRARY_DIR)/Frameworks";
				IPHONEOS_DEPLOYMENT_TARGET = 8.0;
				LD_RUNPATH_SEARCH_PATHS = "$(inherited) @executable_path/Frameworks @loader_path/Frameworks";
				PRODUCT_BUNDLE_IDENTIFIER = app.SimpleFramework;
				PRODUCT_NAME = "$(TARGET_NAME)";
				SKIP_INSTALL = YES;
				SWIFT_VERSION = 3.0;
			};
			name = Release;
		};
		84E737261D1953DD0003A16F /* Debug */ = {
			isa = XCBuildConfiguration;
			buildSettings = {
				ALWAYS_EMBED_SWIFT_STANDARD_LIBRARIES = YES;
				ASSETCATALOG_COMPILER_APPICON_NAME = AppIcon;
				CLANG_ENABLE_MODULES = YES;
				HEADER_SEARCH_PATHS = "$(SDKROOT)/usr/include/libxml2 ";
				INFOPLIST_FILE = SimpleFrameworkDemo/Info.plist;
				IPHONEOS_DEPLOYMENT_TARGET = 8.0;
				LD_RUNPATH_SEARCH_PATHS = "$(inherited) @executable_path/Frameworks";
				PRODUCT_BUNDLE_IDENTIFIER = app.SimpleFrameworkDemo;
				PRODUCT_NAME = "$(TARGET_NAME)";
				PROVISIONING_PROFILE = "";
				SWIFT_INCLUDE_PATHS = "";
				SWIFT_OBJC_BRIDGING_HEADER = "SimpleFrameworkDemo/SimpleFrameworkDemo-Bridging-Header.h";
				SWIFT_OPTIMIZATION_LEVEL = "-Onone";
				SWIFT_VERSION = 3.0;
				TARGETED_DEVICE_FAMILY = "1,2";
				USER_HEADER_SEARCH_PATHS = "";
			};
			name = Debug;
		};
		84E737271D1953DD0003A16F /* Release */ = {
			isa = XCBuildConfiguration;
			buildSettings = {
				ALWAYS_EMBED_SWIFT_STANDARD_LIBRARIES = YES;
				ASSETCATALOG_COMPILER_APPICON_NAME = AppIcon;
				CLANG_ENABLE_MODULES = YES;
				HEADER_SEARCH_PATHS = "$(SDKROOT)/usr/include/libxml2 ";
				INFOPLIST_FILE = SimpleFrameworkDemo/Info.plist;
				IPHONEOS_DEPLOYMENT_TARGET = 8.0;
				LD_RUNPATH_SEARCH_PATHS = "$(inherited) @executable_path/Frameworks";
				PRODUCT_BUNDLE_IDENTIFIER = app.SimpleFrameworkDemo;
				PRODUCT_NAME = "$(TARGET_NAME)";
				PROVISIONING_PROFILE = "";
				SWIFT_INCLUDE_PATHS = "";
				SWIFT_OBJC_BRIDGING_HEADER = "SimpleFrameworkDemo/SimpleFrameworkDemo-Bridging-Header.h";
				SWIFT_VERSION = 3.0;
				TARGETED_DEVICE_FAMILY = "1,2";
				USER_HEADER_SEARCH_PATHS = "";
			};
			name = Release;
		};
/* End XCBuildConfiguration section */

/* Begin XCConfigurationList section */
		845793221D17E8AB008C33CD /* Build configuration list for PBXProject "SimpleFramework" */ = {
			isa = XCConfigurationList;
			buildConfigurations = (
				8457932E1D17E8AB008C33CD /* Debug */,
				8457932F1D17E8AB008C33CD /* Release */,
			);
			defaultConfigurationIsVisible = 0;
			defaultConfigurationName = Release;
		};
		845793301D17E8AB008C33CD /* Build configuration list for PBXNativeTarget "SimpleFramework" */ = {
			isa = XCConfigurationList;
			buildConfigurations = (
				845793311D17E8AB008C33CD /* Debug */,
				845793321D17E8AB008C33CD /* Release */,
			);
			defaultConfigurationIsVisible = 0;
			defaultConfigurationName = Release;
		};
		84E737251D1953DD0003A16F /* Build configuration list for PBXNativeTarget "SimpleFrameworkDemo" */ = {
			isa = XCConfigurationList;
			buildConfigurations = (
				84E737261D1953DD0003A16F /* Debug */,
				84E737271D1953DD0003A16F /* Release */,
			);
			defaultConfigurationIsVisible = 0;
			defaultConfigurationName = Release;
		};
/* End XCConfigurationList section */
	};
	rootObject = 8457931F1D17E8AB008C33CD /* Project object */;
}
